
Microsoft Visual Studio Solution File, Format Version 12.00
# Visual Studio Version 17
VisualStudioVersion = 17.11.35222.181
MinimumVisualStudioVersion = 10.0.40219.1
Project("{9A19103F-16F7-4668-BE54-9A1E7A4F7556}") = "WebDbApi", "WebDbApi\WebDbApi.csproj", "{26D98E12-594F-47BE-AFDB-07BB9A153FC6}"
EndProject
Project("{9A19103F-16F7-4668-BE54-9A1E7A4F7556}") = "Schedule.Models", "..\Schedule.Models\Schedule.Models\Schedule.Models.csproj", "{291ACA85-0666-471E-8CC7-5D4A82A632E9}"
EndProject
Project("{FAE04EC0-301F-11D3-BF4B-00C04F79EFBC}") = "WebDbApi.Services", "WebDbApi.Services\WebDbApi.Services.csproj", "{74B8FB3A-8F7B-48B8-A56E-EBA441450A21}"
EndProject
Project("{FAE04EC0-301F-11D3-BF4B-00C04F79EFBC}") = "WebDbApi.ServiceClasses", "WebDbApi.ServiceClasses\WebDbApi.ServiceClasses.csproj", "{BB6B9691-FC6A-4182-AFD7-E641B3F426E0}"
EndProject
Global
	GlobalSection(SolutionConfigurationPlatforms) = preSolution
		Debug|Any CPU = Debug|Any CPU
		Release|Any CPU = Release|Any CPU
	EndGlobalSection
	GlobalSection(ProjectConfigurationPlatforms) = postSolution
		{26D98E12-594F-47BE-AFDB-07BB9A153FC6}.Debug|Any CPU.ActiveCfg = Debug|Any CPU
		{26D98E12-594F-47BE-AFDB-07BB9A153FC6}.Debug|Any CPU.Build.0 = Debug|Any CPU
		{26D98E12-594F-47BE-AFDB-07BB9A153FC6}.Release|Any CPU.ActiveCfg = Release|Any CPU
		{26D98E12-594F-47BE-AFDB-07BB9A153FC6}.Release|Any CPU.Build.0 = Release|Any CPU
		{291ACA85-0666-471E-8CC7-5D4A82A632E9}.Debug|Any CPU.ActiveCfg = Debug|Any CPU
		{291ACA85-0666-471E-8CC7-5D4A82A632E9}.Debug|Any CPU.Build.0 = Debug|Any CPU
		{291ACA85-0666-471E-8CC7-5D4A82A632E9}.Release|Any CPU.ActiveCfg = Release|Any CPU
		{291ACA85-0666-471E-8CC7-5D4A82A632E9}.Release|Any CPU.Build.0 = Release|Any CPU
		{74B8FB3A-8F7B-48B8-A56E-EBA441450A21}.Debug|Any CPU.ActiveCfg = Debug|Any CPU
		{74B8FB3A-8F7B-48B8-A56E-EBA441450A21}.Debug|Any CPU.Build.0 = Debug|Any CPU
		{74B8FB3A-8F7B-48B8-A56E-EBA441450A21}.Release|Any CPU.ActiveCfg = Release|Any CPU
		{74B8FB3A-8F7B-48B8-A56E-EBA441450A21}.Release|Any CPU.Build.0 = Release|Any CPU
		{BB6B9691-FC6A-4182-AFD7-E641B3F426E0}.Debug|Any CPU.ActiveCfg = Debug|Any CPU
		{BB6B9691-FC6A-4182-AFD7-E641B3F426E0}.Debug|Any CPU.Build.0 = Debug|Any CPU
		{BB6B9691-FC6A-4182-AFD7-E641B3F426E0}.Release|Any CPU.ActiveCfg = Release|Any CPU
		{BB6B9691-FC6A-4182-AFD7-E641B3F426E0}.Release|Any CPU.Build.0 = Release|Any CPU
	EndGlobalSection
	GlobalSection(SolutionProperties) = preSolution
		HideSolutionNode = FALSE
	EndGlobalSection
	GlobalSection(ExtensibilityGlobals) = postSolution
		SolutionGuid = {DA58864A-C1AA-46BE-ADB6-226BDB4D0D9C}
	EndGlobalSection
EndGlobal
